
Microsoft Visual Studio Solution File, Format Version 12.00
# Visual Studio 2013
VisualStudioVersion = 12.0.31101.0
MinimumVisualStudioVersion = 10.0.40219.1
Project("{9092AA53-FB77-4645-B42D-1CCCA6BD08BD}") = "DataEntry", "DataEntry\DataEntry.njsproj", "{B1FAEACF-8D79-4EEF-8B80-7DD287346D3F}"
EndProject
Project("{FAE04EC0-301F-11D3-BF4B-00C04F79EFBC}") = "Worker", "Worker\Worker.csproj", "{60044978-1D40-466A-9C4F-49981CAA1826}"
EndProject
Project("{00D1A9C2-B5F0-4AF3-8072-F6C62B433612}") = "DB", "DB\DB.sqlproj", "{908DA72C-76A7-4D33-A413-2176E1FEE6C9}"
EndProject
Global
	GlobalSection(SolutionConfigurationPlatforms) = preSolution
		Debug|Any CPU = Debug|Any CPU
		Release|Any CPU = Release|Any CPU
	EndGlobalSection
	GlobalSection(ProjectConfigurationPlatforms) = postSolution
		{B1FAEACF-8D79-4EEF-8B80-7DD287346D3F}.Debug|Any CPU.ActiveCfg = Debug|Any CPU
		{B1FAEACF-8D79-4EEF-8B80-7DD287346D3F}.Debug|Any CPU.Build.0 = Debug|Any CPU
		{B1FAEACF-8D79-4EEF-8B80-7DD287346D3F}.Release|Any CPU.ActiveCfg = Release|Any CPU
		{B1FAEACF-8D79-4EEF-8B80-7DD287346D3F}.Release|Any CPU.Build.0 = Release|Any CPU
		{60044978-1D40-466A-9C4F-49981CAA1826}.Debug|Any CPU.ActiveCfg = Debug|Any CPU
		{60044978-1D40-466A-9C4F-49981CAA1826}.Debug|Any CPU.Build.0 = Debug|Any CPU
		{60044978-1D40-466A-9C4F-49981CAA1826}.Release|Any CPU.ActiveCfg = Release|Any CPU
		{60044978-1D40-466A-9C4F-49981CAA1826}.Release|Any CPU.Build.0 = Release|Any CPU
		{908DA72C-76A7-4D33-A413-2176E1FEE6C9}.Debug|Any CPU.ActiveCfg = Debug|Any CPU
		{908DA72C-76A7-4D33-A413-2176E1FEE6C9}.Debug|Any CPU.Build.0 = Debug|Any CPU
		{908DA72C-76A7-4D33-A413-2176E1FEE6C9}.Debug|Any CPU.Deploy.0 = Debug|Any CPU
		{908DA72C-76A7-4D33-A413-2176E1FEE6C9}.Release|Any CPU.ActiveCfg = Release|Any CPU
		{908DA72C-76A7-4D33-A413-2176E1FEE6C9}.Release|Any CPU.Build.0 = Release|Any CPU
		{908DA72C-76A7-4D33-A413-2176E1FEE6C9}.Release|Any CPU.Deploy.0 = Release|Any CPU
	EndGlobalSection
	GlobalSection(SolutionProperties) = preSolution
		HideSolutionNode = FALSE
	EndGlobalSection
EndGlobal
